
Microsoft Visual Studio Solution File, Format Version 12.00
# Visual Studio Version 16
VisualStudioVersion = 16.0.31025.194
MinimumVisualStudioVersion = 10.0.40219.1
Project("{FAE04EC0-301F-11D3-BF4B-00C04F79EFBC}") = "IntroductionToDisktopApp", "IntroductionToDisktopApp\IntroductionToDisktopApp.csproj", "{82252E19-8E44-4CDC-8322-95D02C2DD390}"
EndProject
Project("{FAE04EC0-301F-11D3-BF4B-00C04F79EFBC}") = "IntroductionToConsole", "IntroductionToConsole\IntroductionToConsole.csproj", "{9685CBF2-F280-4329-A18B-3178CBAEEDDF}"
EndProject
Project("{FAE04EC0-301F-11D3-BF4B-00C04F79EFBC}") = "Homework", "Homework\Homework.csproj", "{D7ADE0F6-5749-46F2-9FEB-7E5DCF570700}"
EndProject
Global
	GlobalSection(SolutionConfigurationPlatforms) = preSolution
		Debug|Any CPU = Debug|Any CPU
		Release|Any CPU = Release|Any CPU
	EndGlobalSection
	GlobalSection(ProjectConfigurationPlatforms) = postSolution
		{82252E19-8E44-4CDC-8322-95D02C2DD390}.Debug|Any CPU.ActiveCfg = Debug|Any CPU
		{82252E19-8E44-4CDC-8322-95D02C2DD390}.Debug|Any CPU.Build.0 = Debug|Any CPU
		{82252E19-8E44-4CDC-8322-95D02C2DD390}.Release|Any CPU.ActiveCfg = Release|Any CPU
		{82252E19-8E44-4CDC-8322-95D02C2DD390}.Release|Any CPU.Build.0 = Release|Any CPU
		{9685CBF2-F280-4329-A18B-3178CBAEEDDF}.Debug|Any CPU.ActiveCfg = Debug|Any CPU
		{9685CBF2-F280-4329-A18B-3178CBAEEDDF}.Debug|Any CPU.Build.0 = Debug|Any CPU
		{9685CBF2-F280-4329-A18B-3178CBAEEDDF}.Release|Any CPU.ActiveCfg = Release|Any CPU
		{9685CBF2-F280-4329-A18B-3178CBAEEDDF}.Release|Any CPU.Build.0 = Release|Any CPU
		{D7ADE0F6-5749-46F2-9FEB-7E5DCF570700}.Debug|Any CPU.ActiveCfg = Debug|Any CPU
		{D7ADE0F6-5749-46F2-9FEB-7E5DCF570700}.Debug|Any CPU.Build.0 = Debug|Any CPU
		{D7ADE0F6-5749-46F2-9FEB-7E5DCF570700}.Release|Any CPU.ActiveCfg = Release|Any CPU
		{D7ADE0F6-5749-46F2-9FEB-7E5DCF570700}.Release|Any CPU.Build.0 = Release|Any CPU
	EndGlobalSection
	GlobalSection(SolutionProperties) = preSolution
		HideSolutionNode = FALSE
	EndGlobalSection
	GlobalSection(ExtensibilityGlobals) = postSolution
		SolutionGuid = {2053290A-FD72-4014-8E08-34B1ECB62AB1}
	EndGlobalSection
EndGlobal
