
Microsoft Visual Studio Solution File, Format Version 12.00
# Visual Studio Version 16
VisualStudioVersion = 16.0.31025.194
MinimumVisualStudioVersion = 10.0.40219.1
Project("{FAE04EC0-301F-11D3-BF4B-00C04F79EFBC}") = "Homework", "Homework\Homework.csproj", "{1255022E-BCE2-4D6D-98D2-B3A2B69C016D}"
EndProject
Global
	GlobalSection(SolutionConfigurationPlatforms) = preSolution
		Debug|Any CPU = Debug|Any CPU
		Release|Any CPU = Release|Any CPU
	EndGlobalSection
	GlobalSection(ProjectConfigurationPlatforms) = postSolution
		{1255022E-BCE2-4D6D-98D2-B3A2B69C016D}.Debug|Any CPU.ActiveCfg = Debug|Any CPU
		{1255022E-BCE2-4D6D-98D2-B3A2B69C016D}.Debug|Any CPU.Build.0 = Debug|Any CPU
		{1255022E-BCE2-4D6D-98D2-B3A2B69C016D}.Release|Any CPU.ActiveCfg = Release|Any CPU
		{1255022E-BCE2-4D6D-98D2-B3A2B69C016D}.Release|Any CPU.Build.0 = Release|Any CPU
	EndGlobalSection
	GlobalSection(SolutionProperties) = preSolution
		HideSolutionNode = FALSE
	EndGlobalSection
	GlobalSection(ExtensibilityGlobals) = postSolution
		SolutionGuid = {323555D9-C03F-432C-AD3B-AF7394780F5C}
	EndGlobalSection
EndGlobal
